
Microsoft Visual Studio Solution File, Format Version 12.00
# Visual Studio Version 17
VisualStudioVersion = 17.3.32811.315
MinimumVisualStudioVersion = 10.0.40219.1
Project("{9A19103F-16F7-4668-BE54-9A1E7A4F7556}") = "RabbitMQBasicCommunication.Publisher", "RabbitMQBasicCommunication.Publisher\RabbitMQBasicCommunication.Publisher.csproj", "{830D7886-3412-4495-80DE-F5C716A99349}"
EndProject
Project("{9A19103F-16F7-4668-BE54-9A1E7A4F7556}") = "RabbitMQBasicCommunication.Subscriber", "RabbitMQBasicCommunication.Subscriber\RabbitMQBasicCommunication.Subscriber.csproj", "{F3B180D6-97AF-4515-9C55-EECB0ED061F7}"
EndProject
Project("{9A19103F-16F7-4668-BE54-9A1E7A4F7556}") = "RabbitMQBasicCommunication.WebApp", "RabbitMQBasicCommunication.WebApp\RabbitMQBasicCommunication.WebApp.csproj", "{9FD14256-5F17-4E02-8089-E74E6E66455A}"
EndProject
Project("{9A19103F-16F7-4668-BE54-9A1E7A4F7556}") = "RabbitMQBasicCommunication.ExcelApp", "RabbitMQBasicCommunication.ExcelApp\RabbitMQBasicCommunication.ExcelApp.csproj", "{A78BA724-8403-4601-B31F-12AE5B430A74}"
EndProject
Project("{9A19103F-16F7-4668-BE54-9A1E7A4F7556}") = "Shared", "Shared\Shared.csproj", "{717FB3AA-2C55-4660-B7AB-67F1443BC04D}"
EndProject
Project("{9A19103F-16F7-4668-BE54-9A1E7A4F7556}") = "FileCreateWorkerService", "FileCreateWorkerService\FileCreateWorkerService.csproj", "{3E4F0B79-7A36-43C7-BE3E-F209E3C69D3F}"
EndProject
Project("{FAE04EC0-301F-11D3-BF4B-00C04F79EFBC}") = "RabbitMQBasicCommunication.WordToPdf.Producer", "RabbitMQBasicCommunication.WordToPdf.Producer\RabbitMQBasicCommunication.WordToPdf.Producer.csproj", "{DDBA3723-BCB5-44B2-AD74-08E1535A81B5}"
EndProject
Project("{FAE04EC0-301F-11D3-BF4B-00C04F79EFBC}") = "RabbitMQBasicCommunication.WordToPdf.Consumer", "RabbitMQBasicCommunication.WordToPdf.Consumer\RabbitMQBasicCommunication.WordToPdf.Consumer.csproj", "{130E27EC-5BBA-4FF3-9AD5-933476FCAF97}"
EndProject
Global
	GlobalSection(SolutionConfigurationPlatforms) = preSolution
		Debug|Any CPU = Debug|Any CPU
		Release|Any CPU = Release|Any CPU
	EndGlobalSection
	GlobalSection(ProjectConfigurationPlatforms) = postSolution
		{830D7886-3412-4495-80DE-F5C716A99349}.Debug|Any CPU.ActiveCfg = Debug|Any CPU
		{830D7886-3412-4495-80DE-F5C716A99349}.Debug|Any CPU.Build.0 = Debug|Any CPU
		{830D7886-3412-4495-80DE-F5C716A99349}.Release|Any CPU.ActiveCfg = Release|Any CPU
		{830D7886-3412-4495-80DE-F5C716A99349}.Release|Any CPU.Build.0 = Release|Any CPU
		{F3B180D6-97AF-4515-9C55-EECB0ED061F7}.Debug|Any CPU.ActiveCfg = Debug|Any CPU
		{F3B180D6-97AF-4515-9C55-EECB0ED061F7}.Debug|Any CPU.Build.0 = Debug|Any CPU
		{F3B180D6-97AF-4515-9C55-EECB0ED061F7}.Release|Any CPU.ActiveCfg = Release|Any CPU
		{F3B180D6-97AF-4515-9C55-EECB0ED061F7}.Release|Any CPU.Build.0 = Release|Any CPU
		{9FD14256-5F17-4E02-8089-E74E6E66455A}.Debug|Any CPU.ActiveCfg = Debug|Any CPU
		{9FD14256-5F17-4E02-8089-E74E6E66455A}.Debug|Any CPU.Build.0 = Debug|Any CPU
		{9FD14256-5F17-4E02-8089-E74E6E66455A}.Release|Any CPU.ActiveCfg = Release|Any CPU
		{9FD14256-5F17-4E02-8089-E74E6E66455A}.Release|Any CPU.Build.0 = Release|Any CPU
		{A78BA724-8403-4601-B31F-12AE5B430A74}.Debug|Any CPU.ActiveCfg = Debug|Any CPU
		{A78BA724-8403-4601-B31F-12AE5B430A74}.Debug|Any CPU.Build.0 = Debug|Any CPU
		{A78BA724-8403-4601-B31F-12AE5B430A74}.Release|Any CPU.ActiveCfg = Release|Any CPU
		{A78BA724-8403-4601-B31F-12AE5B430A74}.Release|Any CPU.Build.0 = Release|Any CPU
		{717FB3AA-2C55-4660-B7AB-67F1443BC04D}.Debug|Any CPU.ActiveCfg = Debug|Any CPU
		{717FB3AA-2C55-4660-B7AB-67F1443BC04D}.Debug|Any CPU.Build.0 = Debug|Any CPU
		{717FB3AA-2C55-4660-B7AB-67F1443BC04D}.Release|Any CPU.ActiveCfg = Release|Any CPU
		{717FB3AA-2C55-4660-B7AB-67F1443BC04D}.Release|Any CPU.Build.0 = Release|Any CPU
		{3E4F0B79-7A36-43C7-BE3E-F209E3C69D3F}.Debug|Any CPU.ActiveCfg = Debug|Any CPU
		{3E4F0B79-7A36-43C7-BE3E-F209E3C69D3F}.Debug|Any CPU.Build.0 = Debug|Any CPU
		{3E4F0B79-7A36-43C7-BE3E-F209E3C69D3F}.Release|Any CPU.ActiveCfg = Release|Any CPU
		{3E4F0B79-7A36-43C7-BE3E-F209E3C69D3F}.Release|Any CPU.Build.0 = Release|Any CPU
		{DDBA3723-BCB5-44B2-AD74-08E1535A81B5}.Debug|Any CPU.ActiveCfg = Debug|Any CPU
		{DDBA3723-BCB5-44B2-AD74-08E1535A81B5}.Debug|Any CPU.Build.0 = Debug|Any CPU
		{DDBA3723-BCB5-44B2-AD74-08E1535A81B5}.Release|Any CPU.ActiveCfg = Release|Any CPU
		{DDBA3723-BCB5-44B2-AD74-08E1535A81B5}.Release|Any CPU.Build.0 = Release|Any CPU
		{130E27EC-5BBA-4FF3-9AD5-933476FCAF97}.Debug|Any CPU.ActiveCfg = Debug|Any CPU
		{130E27EC-5BBA-4FF3-9AD5-933476FCAF97}.Debug|Any CPU.Build.0 = Debug|Any CPU
		{130E27EC-5BBA-4FF3-9AD5-933476FCAF97}.Release|Any CPU.ActiveCfg = Release|Any CPU
		{130E27EC-5BBA-4FF3-9AD5-933476FCAF97}.Release|Any CPU.Build.0 = Release|Any CPU
	EndGlobalSection
	GlobalSection(SolutionProperties) = preSolution
		HideSolutionNode = FALSE
	EndGlobalSection
	GlobalSection(ExtensibilityGlobals) = postSolution
		SolutionGuid = {59F4919A-FF64-4CF2-A3FD-B5296B4A7D8E}
	EndGlobalSection
EndGlobal
