
Microsoft Visual Studio Solution File, Format Version 12.00
# Visual Studio Version 17
VisualStudioVersion = 17.3.32811.315
MinimumVisualStudioVersion = 10.0.40219.1
Project("{9A19103F-16F7-4668-BE54-9A1E7A4F7556}") = "RabbitMQBasicCommunication.Publisher", "RabbitMQBasicCommunication.Publisher\RabbitMQBasicCommunication.Publisher.csproj", "{830D7886-3412-4495-80DE-F5C716A99349}"
EndProject
Project("{9A19103F-16F7-4668-BE54-9A1E7A4F7556}") = "RabbitMQBasicCommunication.Subscriber", "RabbitMQBasicCommunication.Subscriber\RabbitMQBasicCommunication.Subscriber.csproj", "{F3B180D6-97AF-4515-9C55-EECB0ED061F7}"
EndProject
Project("{FAE04EC0-301F-11D3-BF4B-00C04F79EFBC}") = "RabbitMQBasicCommunication.WebApp", "RabbitMQBasicCommunication.WebApp\RabbitMQBasicCommunication.WebApp.csproj", "{9FD14256-5F17-4E02-8089-E74E6E66455A}"
EndProject
Global
	GlobalSection(SolutionConfigurationPlatforms) = preSolution
		Debug|Any CPU = Debug|Any CPU
		Release|Any CPU = Release|Any CPU
	EndGlobalSection
	GlobalSection(ProjectConfigurationPlatforms) = postSolution
		{830D7886-3412-4495-80DE-F5C716A99349}.Debug|Any CPU.ActiveCfg = Debug|Any CPU
		{830D7886-3412-4495-80DE-F5C716A99349}.Debug|Any CPU.Build.0 = Debug|Any CPU
		{830D7886-3412-4495-80DE-F5C716A99349}.Release|Any CPU.ActiveCfg = Release|Any CPU
		{830D7886-3412-4495-80DE-F5C716A99349}.Release|Any CPU.Build.0 = Release|Any CPU
		{F3B180D6-97AF-4515-9C55-EECB0ED061F7}.Debug|Any CPU.ActiveCfg = Debug|Any CPU
		{F3B180D6-97AF-4515-9C55-EECB0ED061F7}.Debug|Any CPU.Build.0 = Debug|Any CPU
		{F3B180D6-97AF-4515-9C55-EECB0ED061F7}.Release|Any CPU.ActiveCfg = Release|Any CPU
		{F3B180D6-97AF-4515-9C55-EECB0ED061F7}.Release|Any CPU.Build.0 = Release|Any CPU
		{9FD14256-5F17-4E02-8089-E74E6E66455A}.Debug|Any CPU.ActiveCfg = Debug|Any CPU
		{9FD14256-5F17-4E02-8089-E74E6E66455A}.Debug|Any CPU.Build.0 = Debug|Any CPU
		{9FD14256-5F17-4E02-8089-E74E6E66455A}.Release|Any CPU.ActiveCfg = Release|Any CPU
		{9FD14256-5F17-4E02-8089-E74E6E66455A}.Release|Any CPU.Build.0 = Release|Any CPU
	EndGlobalSection
	GlobalSection(SolutionProperties) = preSolution
		HideSolutionNode = FALSE
	EndGlobalSection
	GlobalSection(ExtensibilityGlobals) = postSolution
		SolutionGuid = {59F4919A-FF64-4CF2-A3FD-B5296B4A7D8E}
	EndGlobalSection
EndGlobal
